
Microsoft Visual Studio Solution File, Format Version 11.00
# Visual Studio 2010
Project("{FAE04EC0-301F-11D3-BF4B-00C04F79EFBC}") = "MvcApplication1", "MvcApplication1\MvcApplication1.csproj", "{4504DC4A-BBCE-4A21-9169-797B73BC8C83}"
EndProject
Project("{FAE04EC0-301F-11D3-BF4B-00C04F79EFBC}") = "MvcApplication1.Tests", "MvcApplication1.Tests\MvcApplication1.Tests.csproj", "{9C115498-8941-4A6D-BFB5-84E16A7186EE}"
EndProject
Global
	GlobalSection(SolutionConfigurationPlatforms) = preSolution
		Debug|Any CPU = Debug|Any CPU
		Release|Any CPU = Release|Any CPU
	EndGlobalSection
	GlobalSection(ProjectConfigurationPlatforms) = postSolution
		{4504DC4A-BBCE-4A21-9169-797B73BC8C83}.Debug|Any CPU.ActiveCfg = Debug|Any CPU
		{4504DC4A-BBCE-4A21-9169-797B73BC8C83}.Debug|Any CPU.Build.0 = Debug|Any CPU
		{4504DC4A-BBCE-4A21-9169-797B73BC8C83}.Release|Any CPU.ActiveCfg = Release|Any CPU
		{4504DC4A-BBCE-4A21-9169-797B73BC8C83}.Release|Any CPU.Build.0 = Release|Any CPU
		{9C115498-8941-4A6D-BFB5-84E16A7186EE}.Debug|Any CPU.ActiveCfg = Debug|Any CPU
		{9C115498-8941-4A6D-BFB5-84E16A7186EE}.Debug|Any CPU.Build.0 = Debug|Any CPU
		{9C115498-8941-4A6D-BFB5-84E16A7186EE}.Release|Any CPU.ActiveCfg = Release|Any CPU
		{9C115498-8941-4A6D-BFB5-84E16A7186EE}.Release|Any CPU.Build.0 = Release|Any CPU
	EndGlobalSection
	GlobalSection(SolutionProperties) = preSolution
		HideSolutionNode = FALSE
	EndGlobalSection
EndGlobal
